// !$*UTF8*$!
{
	archiveVersion = 1;
	classes = {
	};
	objectVersion = 55;
	objects = {

/* Begin PBXBuildFile section */
		5F0E52852713518300D982D5 /* GoogleService-Info.plist in Resources */ = {isa = PBXBuildFile; fileRef = 5F0E52842713518300D982D5 /* GoogleService-Info.plist */; };
		5F36843D2711EF0B00E15D70 /* TextFieldValidators.swift in Sources */ = {isa = PBXBuildFile; fileRef = 5F36843C2711EF0B00E15D70 /* TextFieldValidators.swift */; };
		5F6D81B5271703F000A74652 /* FirebaseAuth in Frameworks */ = {isa = PBXBuildFile; productRef = 5F6D81B4271703F000A74652 /* FirebaseAuth */; };
		5F6D81B7271703F000A74652 /* FirebaseFirestore in Frameworks */ = {isa = PBXBuildFile; productRef = 5F6D81B6271703F000A74652 /* FirebaseFirestore */; };
		5F6D81B9271703F000A74652 /* FirebaseFirestoreSwift-Beta in Frameworks */ = {isa = PBXBuildFile; productRef = 5F6D81B8271703F000A74652 /* FirebaseFirestoreSwift-Beta */; };
		5F6D81BB271703F000A74652 /* FirebaseStorage in Frameworks */ = {isa = PBXBuildFile; productRef = 5F6D81BA271703F000A74652 /* FirebaseStorage */; };
		5F6D81BD271703F000A74652 /* FirebaseStorageSwift-Beta in Frameworks */ = {isa = PBXBuildFile; productRef = 5F6D81BC271703F000A74652 /* FirebaseStorageSwift-Beta */; };
		5F6D81BF2718AE7D00A74652 /* BiometricViewController.swift in Sources */ = {isa = PBXBuildFile; fileRef = 5F6D81BE2718AE7C00A74652 /* BiometricViewController.swift */; };
		5F8FDEB9270B801F0071087B /* MenuViewController.swift in Sources */ = {isa = PBXBuildFile; fileRef = 5F8FDEB8270B801F0071087B /* MenuViewController.swift */; };
		5F8FDEBC270C74370071087B /* SideMenu in Frameworks */ = {isa = PBXBuildFile; productRef = 5F8FDEBB270C74370071087B /* SideMenu */; };
		5F8FDEBF270CC8B90071087B /* Utils.swift in Sources */ = {isa = PBXBuildFile; fileRef = 5F8FDEBE270CC8B90071087B /* Utils.swift */; };
		5F8FDEC2270DCBB20071087B /* SignUpViewController.swift in Sources */ = {isa = PBXBuildFile; fileRef = 5F8FDEC1270DCBB20071087B /* SignUpViewController.swift */; };
		5F9476AB27046EB900654F63 /* TransactionsViewController.swift in Sources */ = {isa = PBXBuildFile; fileRef = 5F9476AA27046EB900654F63 /* TransactionsViewController.swift */; };
		5F9476AD2704743F00654F63 /* ProfileViewController.swift in Sources */ = {isa = PBXBuildFile; fileRef = 5F9476AC2704743F00654F63 /* ProfileViewController.swift */; };
		5F9476AF2704926F00654F63 /* AccountsViewController.swift in Sources */ = {isa = PBXBuildFile; fileRef = 5F9476AE2704926F00654F63 /* AccountsViewController.swift */; };
		5F9476B12704AA5D00654F63 /* PreferencesViewController.swift in Sources */ = {isa = PBXBuildFile; fileRef = 5F9476B02704AA5D00654F63 /* PreferencesViewController.swift */; };
		5F9476B32704B7AC00654F63 /* SecurityViewController.swift in Sources */ = {isa = PBXBuildFile; fileRef = 5F9476B22704B7AC00654F63 /* SecurityViewController.swift */; };
		5F9476B52704BE9B00654F63 /* PaymentLinkViewController.swift in Sources */ = {isa = PBXBuildFile; fileRef = 5F9476B42704BE9B00654F63 /* PaymentLinkViewController.swift */; };
		5F9476B72704C7E600654F63 /* ReferralsViewController.swift in Sources */ = {isa = PBXBuildFile; fileRef = 5F9476B62704C7E600654F63 /* ReferralsViewController.swift */; };
		5F9476B92704D7F400654F63 /* SavingsViewController.swift in Sources */ = {isa = PBXBuildFile; fileRef = 5F9476B82704D7F400654F63 /* SavingsViewController.swift */; };
		5F9476BB2704D82500654F63 /* WalletViewController.swift in Sources */ = {isa = PBXBuildFile; fileRef = 5F9476BA2704D82500654F63 /* WalletViewController.swift */; };
		5F9476BD2704D84300654F63 /* OverviewViewController.swift in Sources */ = {isa = PBXBuildFile; fileRef = 5F9476BC2704D84300654F63 /* OverviewViewController.swift */; };
		5F9476C12706352C00654F63 /* WalletCollectionViewCell.swift in Sources */ = {isa = PBXBuildFile; fileRef = 5F9476BF2706352B00654F63 /* WalletCollectionViewCell.swift */; };
		5F9476C22706352C00654F63 /* WalletCollectionViewCell.xib in Resources */ = {isa = PBXBuildFile; fileRef = 5F9476C02706352B00654F63 /* WalletCollectionViewCell.xib */; };
		5F9476CC27066E5F00654F63 /* BackgroundSupplementaryView.swift in Sources */ = {isa = PBXBuildFile; fileRef = 5F9476CB27066E5F00654F63 /* BackgroundSupplementaryView.swift */; };
		5F9476D22706722800654F63 /* WalletHeaderCollectionViewCell.swift in Sources */ = {isa = PBXBuildFile; fileRef = 5F9476D12706722800654F63 /* WalletHeaderCollectionViewCell.swift */; };
		5FA4E8C52703441100F17F3D /* AppDelegate.swift in Sources */ = {isa = PBXBuildFile; fileRef = 5FA4E8C42703441100F17F3D /* AppDelegate.swift */; };
		5FA4E8C72703441100F17F3D /* SceneDelegate.swift in Sources */ = {isa = PBXBuildFile; fileRef = 5FA4E8C62703441100F17F3D /* SceneDelegate.swift */; };
		5FA4E8C92703441100F17F3D /* ViewController.swift in Sources */ = {isa = PBXBuildFile; fileRef = 5FA4E8C82703441100F17F3D /* ViewController.swift */; };
		5FA4E8CC2703441100F17F3D /* Main.storyboard in Resources */ = {isa = PBXBuildFile; fileRef = 5FA4E8CA2703441100F17F3D /* Main.storyboard */; };
		5FA4E8CE2703441400F17F3D /* Assets.xcassets in Resources */ = {isa = PBXBuildFile; fileRef = 5FA4E8CD2703441400F17F3D /* Assets.xcassets */; };
		5FA4E8D12703441400F17F3D /* LaunchScreen.storyboard in Resources */ = {isa = PBXBuildFile; fileRef = 5FA4E8CF2703441400F17F3D /* LaunchScreen.storyboard */; };
		5FA4E8E12703500A00F17F3D /* BaseTabBarController.swift in Sources */ = {isa = PBXBuildFile; fileRef = 5FA4E8E02703500A00F17F3D /* BaseTabBarController.swift */; };
		5FA4E8E3270354D200F17F3D /* SettingsViewController.swift in Sources */ = {isa = PBXBuildFile; fileRef = 5FA4E8E2270354D200F17F3D /* SettingsViewController.swift */; };
		5FA4E8E6270359E500F17F3D /* SettingsTableViewCell.swift in Sources */ = {isa = PBXBuildFile; fileRef = 5FA4E8E4270359E500F17F3D /* SettingsTableViewCell.swift */; };
		5FA4E8E7270359E500F17F3D /* SettingsTableViewCell.xib in Resources */ = {isa = PBXBuildFile; fileRef = 5FA4E8E5270359E500F17F3D /* SettingsTableViewCell.xib */; };
		5FA4E8EA2703718700F17F3D /* SettingTableViewCellData.swift in Sources */ = {isa = PBXBuildFile; fileRef = 5FA4E8E92703718700F17F3D /* SettingTableViewCellData.swift */; };
		5FA4E8EC270396EB00F17F3D /* NavbarTilteView.swift in Sources */ = {isa = PBXBuildFile; fileRef = 5FA4E8EB270396EB00F17F3D /* NavbarTilteView.swift */; };
		5FA4E8EF2703A69C00F17F3D /* NINViewController.swift in Sources */ = {isa = PBXBuildFile; fileRef = 5FA4E8EE2703A69C00F17F3D /* NINViewController.swift */; };
		5FB427FB270F64570039F10B /* OnBoardingViewController.swift in Sources */ = {isa = PBXBuildFile; fileRef = 5FB427FA270F64570039F10B /* OnBoardingViewController.swift */; };
		5FB42809270F82B80039F10B /* OnBoardingSection1CollectionViewCell.swift in Sources */ = {isa = PBXBuildFile; fileRef = 5FB42807270F82B80039F10B /* OnBoardingSection1CollectionViewCell.swift */; };
		5FB4280A270F82B80039F10B /* OnBoardingSection1CollectionViewCell.xib in Resources */ = {isa = PBXBuildFile; fileRef = 5FB42808270F82B80039F10B /* OnBoardingSection1CollectionViewCell.xib */; };
		5FB4280D270F82FA0039F10B /* OnBoardingSection2CollectionViewCell.swift in Sources */ = {isa = PBXBuildFile; fileRef = 5FB4280B270F82FA0039F10B /* OnBoardingSection2CollectionViewCell.swift */; };
		5FB4280E270F82FA0039F10B /* OnBoardingSection2CollectionViewCell.xib in Resources */ = {isa = PBXBuildFile; fileRef = 5FB4280C270F82FA0039F10B /* OnBoardingSection2CollectionViewCell.xib */; };
		5FB428102710BDDB0039F10B /* OTPViewController.swift in Sources */ = {isa = PBXBuildFile; fileRef = 5FB4280F2710BDDB0039F10B /* OTPViewController.swift */; };
		5FB428122710C5CC0039F10B /* SetUpPINViewController.swift in Sources */ = {isa = PBXBuildFile; fileRef = 5FB428112710C5CC0039F10B /* SetUpPINViewController.swift */; };
		5FB428142710C6630039F10B /* LoginViewController.swift in Sources */ = {isa = PBXBuildFile; fileRef = 5FB428132710C6630039F10B /* LoginViewController.swift */; };
		5FB428162710DFE60039F10B /* OnBoardingCollectionViewCellData.swift in Sources */ = {isa = PBXBuildFile; fileRef = 5FB428152710DFE60039F10B /* OnBoardingCollectionViewCellData.swift */; };
		5FF0E3442706913F004061E0 /* BackgroundForSectionsInOverview.swift in Sources */ = {isa = PBXBuildFile; fileRef = 5FF0E3432706913F004061E0 /* BackgroundForSectionsInOverview.swift */; };
		5FF0E34927069438004061E0 /* Section1CollectionViewCell.swift in Sources */ = {isa = PBXBuildFile; fileRef = 5FF0E34727069438004061E0 /* Section1CollectionViewCell.swift */; };
		5FF0E34A27069438004061E0 /* Section1CollectionViewCell.xib in Resources */ = {isa = PBXBuildFile; fileRef = 5FF0E34827069438004061E0 /* Section1CollectionViewCell.xib */; };
		5FF0E34F270697BC004061E0 /* Section2CollectionViewCell.swift in Sources */ = {isa = PBXBuildFile; fileRef = 5FF0E34D270697BC004061E0 /* Section2CollectionViewCell.swift */; };
		5FF0E350270697BC004061E0 /* Section2CollectionViewCell.xib in Resources */ = {isa = PBXBuildFile; fileRef = 5FF0E34E270697BC004061E0 /* Section2CollectionViewCell.xib */; };
		5FF0E35327069FB7004061E0 /* Section3CollectionViewCell.swift in Sources */ = {isa = PBXBuildFile; fileRef = 5FF0E35127069FB7004061E0 /* Section3CollectionViewCell.swift */; };
		5FF0E35427069FB7004061E0 /* Section3CollectionViewCell.xib in Resources */ = {isa = PBXBuildFile; fileRef = 5FF0E35227069FB7004061E0 /* Section3CollectionViewCell.xib */; };
/* End PBXBuildFile section */

/* Begin PBXFileReference section */
		5F0E52842713518300D982D5 /* GoogleService-Info.plist */ = {isa = PBXFileReference; fileEncoding = 4; lastKnownFileType = text.plist.xml; path = "GoogleService-Info.plist"; sourceTree = "<group>"; };
		5F36843C2711EF0B00E15D70 /* TextFieldValidators.swift */ = {isa = PBXFileReference; lastKnownFileType = sourcecode.swift; path = TextFieldValidators.swift; sourceTree = "<group>"; };
		5F6D81BE2718AE7C00A74652 /* BiometricViewController.swift */ = {isa = PBXFileReference; lastKnownFileType = sourcecode.swift; path = BiometricViewController.swift; sourceTree = "<group>"; };
		5F8FDEB8270B801F0071087B /* MenuViewController.swift */ = {isa = PBXFileReference; lastKnownFileType = sourcecode.swift; path = MenuViewController.swift; sourceTree = "<group>"; };
		5F8FDEBE270CC8B90071087B /* Utils.swift */ = {isa = PBXFileReference; lastKnownFileType = sourcecode.swift; path = Utils.swift; sourceTree = "<group>"; };
		5F8FDEC1270DCBB20071087B /* SignUpViewController.swift */ = {isa = PBXFileReference; lastKnownFileType = sourcecode.swift; path = SignUpViewController.swift; sourceTree = "<group>"; };
		5F9476AA27046EB900654F63 /* TransactionsViewController.swift */ = {isa = PBXFileReference; lastKnownFileType = sourcecode.swift; path = TransactionsViewController.swift; sourceTree = "<group>"; };
		5F9476AC2704743F00654F63 /* ProfileViewController.swift */ = {isa = PBXFileReference; lastKnownFileType = sourcecode.swift; path = ProfileViewController.swift; sourceTree = "<group>"; };
		5F9476AE2704926F00654F63 /* AccountsViewController.swift */ = {isa = PBXFileReference; lastKnownFileType = sourcecode.swift; path = AccountsViewController.swift; sourceTree = "<group>"; };
		5F9476B02704AA5D00654F63 /* PreferencesViewController.swift */ = {isa = PBXFileReference; lastKnownFileType = sourcecode.swift; path = PreferencesViewController.swift; sourceTree = "<group>"; };
		5F9476B22704B7AC00654F63 /* SecurityViewController.swift */ = {isa = PBXFileReference; lastKnownFileType = sourcecode.swift; path = SecurityViewController.swift; sourceTree = "<group>"; };
		5F9476B42704BE9B00654F63 /* PaymentLinkViewController.swift */ = {isa = PBXFileReference; lastKnownFileType = sourcecode.swift; path = PaymentLinkViewController.swift; sourceTree = "<group>"; };
		5F9476B62704C7E600654F63 /* ReferralsViewController.swift */ = {isa = PBXFileReference; lastKnownFileType = sourcecode.swift; path = ReferralsViewController.swift; sourceTree = "<group>"; };
		5F9476B82704D7F400654F63 /* SavingsViewController.swift */ = {isa = PBXFileReference; lastKnownFileType = sourcecode.swift; path = SavingsViewController.swift; sourceTree = "<group>"; };
		5F9476BA2704D82500654F63 /* WalletViewController.swift */ = {isa = PBXFileReference; lastKnownFileType = sourcecode.swift; path = WalletViewController.swift; sourceTree = "<group>"; };
		5F9476BC2704D84300654F63 /* OverviewViewController.swift */ = {isa = PBXFileReference; lastKnownFileType = sourcecode.swift; path = OverviewViewController.swift; sourceTree = "<group>"; };
		5F9476BF2706352B00654F63 /* WalletCollectionViewCell.swift */ = {isa = PBXFileReference; lastKnownFileType = sourcecode.swift; path = WalletCollectionViewCell.swift; sourceTree = "<group>"; };
		5F9476C02706352B00654F63 /* WalletCollectionViewCell.xib */ = {isa = PBXFileReference; lastKnownFileType = file.xib; path = WalletCollectionViewCell.xib; sourceTree = "<group>"; };
		5F9476CB27066E5F00654F63 /* BackgroundSupplementaryView.swift */ = {isa = PBXFileReference; lastKnownFileType = sourcecode.swift; path = BackgroundSupplementaryView.swift; sourceTree = "<group>"; };
		5F9476D12706722800654F63 /* WalletHeaderCollectionViewCell.swift */ = {isa = PBXFileReference; lastKnownFileType = sourcecode.swift; path = WalletHeaderCollectionViewCell.swift; sourceTree = "<group>"; };
		5FA4E8C12703441100F17F3D /* cryptolin.app */ = {isa = PBXFileReference; explicitFileType = wrapper.application; includeInIndex = 0; path = cryptolin.app; sourceTree = BUILT_PRODUCTS_DIR; };
		5FA4E8C42703441100F17F3D /* AppDelegate.swift */ = {isa = PBXFileReference; lastKnownFileType = sourcecode.swift; path = AppDelegate.swift; sourceTree = "<group>"; };
		5FA4E8C62703441100F17F3D /* SceneDelegate.swift */ = {isa = PBXFileReference; lastKnownFileType = sourcecode.swift; path = SceneDelegate.swift; sourceTree = "<group>"; };
		5FA4E8C82703441100F17F3D /* ViewController.swift */ = {isa = PBXFileReference; lastKnownFileType = sourcecode.swift; path = ViewController.swift; sourceTree = "<group>"; };
		5FA4E8CB2703441100F17F3D /* Base */ = {isa = PBXFileReference; lastKnownFileType = file.storyboard; name = Base; path = Base.lproj/Main.storyboard; sourceTree = "<group>"; };
		5FA4E8CD2703441400F17F3D /* Assets.xcassets */ = {isa = PBXFileReference; lastKnownFileType = folder.assetcatalog; path = Assets.xcassets; sourceTree = "<group>"; };
		5FA4E8D02703441400F17F3D /* Base */ = {isa = PBXFileReference; lastKnownFileType = file.storyboard; name = Base; path = Base.lproj/LaunchScreen.storyboard; sourceTree = "<group>"; };
		5FA4E8D22703441400F17F3D /* Info.plist */ = {isa = PBXFileReference; lastKnownFileType = text.plist.xml; path = Info.plist; sourceTree = "<group>"; };
		5FA4E8E02703500A00F17F3D /* BaseTabBarController.swift */ = {isa = PBXFileReference; lastKnownFileType = sourcecode.swift; path = BaseTabBarController.swift; sourceTree = "<group>"; };
		5FA4E8E2270354D200F17F3D /* SettingsViewController.swift */ = {isa = PBXFileReference; lastKnownFileType = sourcecode.swift; path = SettingsViewController.swift; sourceTree = "<group>"; };
		5FA4E8E4270359E500F17F3D /* SettingsTableViewCell.swift */ = {isa = PBXFileReference; lastKnownFileType = sourcecode.swift; path = SettingsTableViewCell.swift; sourceTree = "<group>"; };
		5FA4E8E5270359E500F17F3D /* SettingsTableViewCell.xib */ = {isa = PBXFileReference; lastKnownFileType = file.xib; path = SettingsTableViewCell.xib; sourceTree = "<group>"; };
		5FA4E8E92703718700F17F3D /* SettingTableViewCellData.swift */ = {isa = PBXFileReference; lastKnownFileType = sourcecode.swift; path = SettingTableViewCellData.swift; sourceTree = "<group>"; };
		5FA4E8EB270396EB00F17F3D /* NavbarTilteView.swift */ = {isa = PBXFileReference; lastKnownFileType = sourcecode.swift; path = NavbarTilteView.swift; sourceTree = "<group>"; };
		5FA4E8EE2703A69C00F17F3D /* NINViewController.swift */ = {isa = PBXFileReference; lastKnownFileType = sourcecode.swift; path = NINViewController.swift; sourceTree = "<group>"; };
		5FB427FA270F64570039F10B /* OnBoardingViewController.swift */ = {isa = PBXFileReference; lastKnownFileType = sourcecode.swift; path = OnBoardingViewController.swift; sourceTree = "<group>"; };
		5FB42807270F82B80039F10B /* OnBoardingSection1CollectionViewCell.swift */ = {isa = PBXFileReference; lastKnownFileType = sourcecode.swift; path = OnBoardingSection1CollectionViewCell.swift; sourceTree = "<group>"; };
		5FB42808270F82B80039F10B /* OnBoardingSection1CollectionViewCell.xib */ = {isa = PBXFileReference; lastKnownFileType = file.xib; path = OnBoardingSection1CollectionViewCell.xib; sourceTree = "<group>"; };
		5FB4280B270F82FA0039F10B /* OnBoardingSection2CollectionViewCell.swift */ = {isa = PBXFileReference; lastKnownFileType = sourcecode.swift; path = OnBoardingSection2CollectionViewCell.swift; sourceTree = "<group>"; };
		5FB4280C270F82FA0039F10B /* OnBoardingSection2CollectionViewCell.xib */ = {isa = PBXFileReference; lastKnownFileType = file.xib; path = OnBoardingSection2CollectionViewCell.xib; sourceTree = "<group>"; };
		5FB4280F2710BDDB0039F10B /* OTPViewController.swift */ = {isa = PBXFileReference; lastKnownFileType = sourcecode.swift; path = OTPViewController.swift; sourceTree = "<group>"; };
		5FB428112710C5CC0039F10B /* SetUpPINViewController.swift */ = {isa = PBXFileReference; lastKnownFileType = sourcecode.swift; path = SetUpPINViewController.swift; sourceTree = "<group>"; };
		5FB428132710C6630039F10B /* LoginViewController.swift */ = {isa = PBXFileReference; lastKnownFileType = sourcecode.swift; path = LoginViewController.swift; sourceTree = "<group>"; };
		5FB428152710DFE60039F10B /* OnBoardingCollectionViewCellData.swift */ = {isa = PBXFileReference; lastKnownFileType = sourcecode.swift; path = OnBoardingCollectionViewCellData.swift; sourceTree = "<group>"; };
		5FF0E3432706913F004061E0 /* BackgroundForSectionsInOverview.swift */ = {isa = PBXFileReference; lastKnownFileType = sourcecode.swift; path = BackgroundForSectionsInOverview.swift; sourceTree = "<group>"; };
		5FF0E34727069438004061E0 /* Section1CollectionViewCell.swift */ = {isa = PBXFileReference; lastKnownFileType = sourcecode.swift; path = Section1CollectionViewCell.swift; sourceTree = "<group>"; };
		5FF0E34827069438004061E0 /* Section1CollectionViewCell.xib */ = {isa = PBXFileReference; lastKnownFileType = file.xib; path = Section1CollectionViewCell.xib; sourceTree = "<group>"; };
		5FF0E34D270697BC004061E0 /* Section2CollectionViewCell.swift */ = {isa = PBXFileReference; lastKnownFileType = sourcecode.swift; path = Section2CollectionViewCell.swift; sourceTree = "<group>"; };
		5FF0E34E270697BC004061E0 /* Section2CollectionViewCell.xib */ = {isa = PBXFileReference; lastKnownFileType = file.xib; path = Section2CollectionViewCell.xib; sourceTree = "<group>"; };
		5FF0E35127069FB7004061E0 /* Section3CollectionViewCell.swift */ = {isa = PBXFileReference; lastKnownFileType = sourcecode.swift; path = Section3CollectionViewCell.swift; sourceTree = "<group>"; };
		5FF0E35227069FB7004061E0 /* Section3CollectionViewCell.xib */ = {isa = PBXFileReference; lastKnownFileType = file.xib; path = Section3CollectionViewCell.xib; sourceTree = "<group>"; };
/* End PBXFileReference section */

/* Begin PBXFrameworksBuildPhase section */
		5FA4E8BE2703441100F17F3D /* Frameworks */ = {
			isa = PBXFrameworksBuildPhase;
			buildActionMask = 2147483647;
			files = (
				5F8FDEBC270C74370071087B /* SideMenu in Frameworks */,
				5F6D81B9271703F000A74652 /* FirebaseFirestoreSwift-Beta in Frameworks */,
				5F6D81B5271703F000A74652 /* FirebaseAuth in Frameworks */,
				5F6D81BB271703F000A74652 /* FirebaseStorage in Frameworks */,
				5F6D81B7271703F000A74652 /* FirebaseFirestore in Frameworks */,
				5F6D81BD271703F000A74652 /* FirebaseStorageSwift-Beta in Frameworks */,
			);
			runOnlyForDeploymentPostprocessing = 0;
		};
/* End PBXFrameworksBuildPhase section */

/* Begin PBXGroup section */
		5F8FDEBD270CC89F0071087B /* Helpers */ = {
			isa = PBXGroup;
			children = (
				5F8FDEBE270CC8B90071087B /* Utils.swift */,
				5F36843C2711EF0B00E15D70 /* TextFieldValidators.swift */,
			);
			path = Helpers;
			sourceTree = "<group>";
		};
		5F8FDEC0270D50040071087B /* Login */ = {
			isa = PBXGroup;
			children = (
				5F8FDEC1270DCBB20071087B /* SignUpViewController.swift */,
				5FB428112710C5CC0039F10B /* SetUpPINViewController.swift */,
				5FB428132710C6630039F10B /* LoginViewController.swift */,
				5FB427FA270F64570039F10B /* OnBoardingViewController.swift */,
				5F6D81BE2718AE7C00A74652 /* BiometricViewController.swift */,
			);
			path = Login;
			sourceTree = "<group>";
		};
		5F9476BE270634DA00654F63 /* Wallet */ = {
			isa = PBXGroup;
			children = (
				5FB4280F2710BDDB0039F10B /* OTPViewController.swift */,
				5F9476BF2706352B00654F63 /* WalletCollectionViewCell.swift */,
				5F9476C02706352B00654F63 /* WalletCollectionViewCell.xib */,
				5F9476D12706722800654F63 /* WalletHeaderCollectionViewCell.swift */,
				5F9476CB27066E5F00654F63 /* BackgroundSupplementaryView.swift */,
			);
			path = Wallet;
			sourceTree = "<group>";
		};
		5FA4E8B82703441100F17F3D = {
			isa = PBXGroup;
			children = (
				5FA4E8C32703441100F17F3D /* cryptolin */,
				5FA4E8C22703441100F17F3D /* Products */,
			);
			sourceTree = "<group>";
		};
		5FA4E8C22703441100F17F3D /* Products */ = {
			isa = PBXGroup;
			children = (
				5FA4E8C12703441100F17F3D /* cryptolin.app */,
			);
			name = Products;
			sourceTree = "<group>";
		};
		5FA4E8C32703441100F17F3D /* cryptolin */ = {
			isa = PBXGroup;
			children = (
				5F8FDEBD270CC89F0071087B /* Helpers */,
				5FA4E8DA27034F0B00F17F3D /* Model */,
				5FA4E8D927034EEE00F17F3D /* View */,
				5FA4E8D827034EE500F17F3D /* Controller */,
				5FA4E8C42703441100F17F3D /* AppDelegate.swift */,
				5FA4E8C62703441100F17F3D /* SceneDelegate.swift */,
				5FA4E8C82703441100F17F3D /* ViewController.swift */,
				5FA4E8CA2703441100F17F3D /* Main.storyboard */,
				5FA4E8CD2703441400F17F3D /* Assets.xcassets */,
				5FA4E8CF2703441400F17F3D /* LaunchScreen.storyboard */,
				5FA4E8D22703441400F17F3D /* Info.plist */,
				5F0E52842713518300D982D5 /* GoogleService-Info.plist */,
			);
			path = cryptolin;
			sourceTree = "<group>";
		};
		5FA4E8D827034EE500F17F3D /* Controller */ = {
			isa = PBXGroup;
			children = (
				5F8FDEC0270D50040071087B /* Login */,
				5FA4E8DF27034F5200F17F3D /* Settings */,
				5FA4E8DE27034F4400F17F3D /* Transactions */,
				5FA4E8DD27034F3400F17F3D /* Savings */,
				5FA4E8DC27034F2800F17F3D /* Wallet */,
				5FA4E8DB27034F1F00F17F3D /* Overview */,
				5FA4E8E02703500A00F17F3D /* BaseTabBarController.swift */,
				5F8FDEB8270B801F0071087B /* MenuViewController.swift */,
			);
			path = Controller;
			sourceTree = "<group>";
		};
		5FA4E8D927034EEE00F17F3D /* View */ = {
			isa = PBXGroup;
			children = (
				5FB427FC270F817E0039F10B /* Login */,
				5F9476BE270634DA00654F63 /* Wallet */,
				5FA4E8ED2703A43C00F17F3D /* Settings */,
				5FF0E342270690FF004061E0 /* Overview */,
				5FA4E8EB270396EB00F17F3D /* NavbarTilteView.swift */,
			);
			path = View;
			sourceTree = "<group>";
		};
		5FA4E8DA27034F0B00F17F3D /* Model */ = {
			isa = PBXGroup;
			children = (
				5FA4E8E82703716700F17F3D /* Data */,
			);
			path = Model;
			sourceTree = "<group>";
		};
		5FA4E8DB27034F1F00F17F3D /* Overview */ = {
			isa = PBXGroup;
			children = (
				5F9476BC2704D84300654F63 /* OverviewViewController.swift */,
			);
			path = Overview;
			sourceTree = "<group>";
		};
		5FA4E8DC27034F2800F17F3D /* Wallet */ = {
			isa = PBXGroup;
			children = (
				5F9476BA2704D82500654F63 /* WalletViewController.swift */,
			);
			path = Wallet;
			sourceTree = "<group>";
		};
		5FA4E8DD27034F3400F17F3D /* Savings */ = {
			isa = PBXGroup;
			children = (
				5F9476B82704D7F400654F63 /* SavingsViewController.swift */,
			);
			path = Savings;
			sourceTree = "<group>";
		};
		5FA4E8DE27034F4400F17F3D /* Transactions */ = {
			isa = PBXGroup;
			children = (
				5F9476AA27046EB900654F63 /* TransactionsViewController.swift */,
			);
			path = Transactions;
			sourceTree = "<group>";
		};
		5FA4E8DF27034F5200F17F3D /* Settings */ = {
			isa = PBXGroup;
			children = (
				5FA4E8E2270354D200F17F3D /* SettingsViewController.swift */,
				5F9476AC2704743F00654F63 /* ProfileViewController.swift */,
				5F9476AE2704926F00654F63 /* AccountsViewController.swift */,
				5F9476B02704AA5D00654F63 /* PreferencesViewController.swift */,
				5F9476B22704B7AC00654F63 /* SecurityViewController.swift */,
				5FA4E8EE2703A69C00F17F3D /* NINViewController.swift */,
				5F9476B42704BE9B00654F63 /* PaymentLinkViewController.swift */,
				5F9476B62704C7E600654F63 /* ReferralsViewController.swift */,
			);
			path = Settings;
			sourceTree = "<group>";
		};
		5FA4E8E82703716700F17F3D /* Data */ = {
			isa = PBXGroup;
			children = (
				5FA4E8E92703718700F17F3D /* SettingTableViewCellData.swift */,
				5FB428152710DFE60039F10B /* OnBoardingCollectionViewCellData.swift */,
			);
			path = Data;
			sourceTree = "<group>";
		};
		5FA4E8ED2703A43C00F17F3D /* Settings */ = {
			isa = PBXGroup;
			children = (
				5FA4E8E5270359E500F17F3D /* SettingsTableViewCell.xib */,
				5FA4E8E4270359E500F17F3D /* SettingsTableViewCell.swift */,
			);
			path = Settings;
			sourceTree = "<group>";
		};
		5FB427FC270F817E0039F10B /* Login */ = {
			isa = PBXGroup;
			children = (
				5FB42807270F82B80039F10B /* OnBoardingSection1CollectionViewCell.swift */,
				5FB42808270F82B80039F10B /* OnBoardingSection1CollectionViewCell.xib */,
				5FB4280B270F82FA0039F10B /* OnBoardingSection2CollectionViewCell.swift */,
				5FB4280C270F82FA0039F10B /* OnBoardingSection2CollectionViewCell.xib */,
			);
			path = Login;
			sourceTree = "<group>";
		};
		5FF0E342270690FF004061E0 /* Overview */ = {
			isa = PBXGroup;
			children = (
				5FF0E3432706913F004061E0 /* BackgroundForSectionsInOverview.swift */,
				5FF0E34727069438004061E0 /* Section1CollectionViewCell.swift */,
				5FF0E34827069438004061E0 /* Section1CollectionViewCell.xib */,
				5FF0E34D270697BC004061E0 /* Section2CollectionViewCell.swift */,
				5FF0E34E270697BC004061E0 /* Section2CollectionViewCell.xib */,
				5FF0E35127069FB7004061E0 /* Section3CollectionViewCell.swift */,
				5FF0E35227069FB7004061E0 /* Section3CollectionViewCell.xib */,
			);
			path = Overview;
			sourceTree = "<group>";
		};
/* End PBXGroup section */

/* Begin PBXNativeTarget section */
		5FA4E8C02703441100F17F3D /* cryptolin */ = {
			isa = PBXNativeTarget;
			buildConfigurationList = 5FA4E8D52703441400F17F3D /* Build configuration list for PBXNativeTarget "cryptolin" */;
			buildPhases = (
				5FA4E8BD2703441100F17F3D /* Sources */,
				5FA4E8BE2703441100F17F3D /* Frameworks */,
				5FA4E8BF2703441100F17F3D /* Resources */,
			);
			buildRules = (
			);
			dependencies = (
			);
			name = cryptolin;
			packageProductDependencies = (
				5F8FDEBB270C74370071087B /* SideMenu */,
				5F6D81B4271703F000A74652 /* FirebaseAuth */,
				5F6D81B6271703F000A74652 /* FirebaseFirestore */,
				5F6D81B8271703F000A74652 /* FirebaseFirestoreSwift-Beta */,
				5F6D81BA271703F000A74652 /* FirebaseStorage */,
				5F6D81BC271703F000A74652 /* FirebaseStorageSwift-Beta */,
			);
			productName = cryptolin;
			productReference = 5FA4E8C12703441100F17F3D /* cryptolin.app */;
			productType = "com.apple.product-type.application";
		};
/* End PBXNativeTarget section */

/* Begin PBXProject section */
		5FA4E8B92703441100F17F3D /* Project object */ = {
			isa = PBXProject;
			attributes = {
				BuildIndependentTargetsInParallel = 1;
				LastSwiftUpdateCheck = 1300;
				LastUpgradeCheck = 1300;
				TargetAttributes = {
					5FA4E8C02703441100F17F3D = {
						CreatedOnToolsVersion = 13.0;
					};
				};
			};
			buildConfigurationList = 5FA4E8BC2703441100F17F3D /* Build configuration list for PBXProject "cryptolin" */;
			compatibilityVersion = "Xcode 13.0";
			developmentRegion = en;
			hasScannedForEncodings = 0;
			knownRegions = (
				en,
				Base,
			);
			mainGroup = 5FA4E8B82703441100F17F3D;
			packageReferences = (
				5F8FDEBA270C74370071087B /* XCRemoteSwiftPackageReference "SideMenu" */,
				5F6D81B3271703F000A74652 /* XCRemoteSwiftPackageReference "firebase-ios-sdk" */,
			);
			productRefGroup = 5FA4E8C22703441100F17F3D /* Products */;
			projectDirPath = "";
			projectRoot = "";
			targets = (
				5FA4E8C02703441100F17F3D /* cryptolin */,
			);
		};
/* End PBXProject section */

/* Begin PBXResourcesBuildPhase section */
		5FA4E8BF2703441100F17F3D /* Resources */ = {
			isa = PBXResourcesBuildPhase;
			buildActionMask = 2147483647;
			files = (
				5FA4E8D12703441400F17F3D /* LaunchScreen.storyboard in Resources */,
				5F9476C22706352C00654F63 /* WalletCollectionViewCell.xib in Resources */,
				5FA4E8CE2703441400F17F3D /* Assets.xcassets in Resources */,
				5FA4E8E7270359E500F17F3D /* SettingsTableViewCell.xib in Resources */,
				5FF0E34A27069438004061E0 /* Section1CollectionViewCell.xib in Resources */,
				5FF0E350270697BC004061E0 /* Section2CollectionViewCell.xib in Resources */,
				5FF0E35427069FB7004061E0 /* Section3CollectionViewCell.xib in Resources */,
				5FB4280A270F82B80039F10B /* OnBoardingSection1CollectionViewCell.xib in Resources */,
				5F0E52852713518300D982D5 /* GoogleService-Info.plist in Resources */,
				5FA4E8CC2703441100F17F3D /* Main.storyboard in Resources */,
				5FB4280E270F82FA0039F10B /* OnBoardingSection2CollectionViewCell.xib in Resources */,
			);
			runOnlyForDeploymentPostprocessing = 0;
		};
/* End PBXResourcesBuildPhase section */

/* Begin PBXSourcesBuildPhase section */
		5FA4E8BD2703441100F17F3D /* Sources */ = {
			isa = PBXSourcesBuildPhase;
			buildActionMask = 2147483647;
			files = (
				5FF0E34F270697BC004061E0 /* Section2CollectionViewCell.swift in Sources */,
				5FF0E34927069438004061E0 /* Section1CollectionViewCell.swift in Sources */,
				5FA4E8E12703500A00F17F3D /* BaseTabBarController.swift in Sources */,
				5F8FDEBF270CC8B90071087B /* Utils.swift in Sources */,
				5F36843D2711EF0B00E15D70 /* TextFieldValidators.swift in Sources */,
				5F6D81BF2718AE7D00A74652 /* BiometricViewController.swift in Sources */,
				5FA4E8C92703441100F17F3D /* ViewController.swift in Sources */,
				5FA4E8EA2703718700F17F3D /* SettingTableViewCellData.swift in Sources */,
				5FB428102710BDDB0039F10B /* OTPViewController.swift in Sources */,
				5FB42809270F82B80039F10B /* OnBoardingSection1CollectionViewCell.swift in Sources */,
				5FB4280D270F82FA0039F10B /* OnBoardingSection2CollectionViewCell.swift in Sources */,
				5FA4E8EF2703A69C00F17F3D /* NINViewController.swift in Sources */,
				5F9476AB27046EB900654F63 /* TransactionsViewController.swift in Sources */,
				5F9476BB2704D82500654F63 /* WalletViewController.swift in Sources */,
				5FB427FB270F64570039F10B /* OnBoardingViewController.swift in Sources */,
				5FF0E35327069FB7004061E0 /* Section3CollectionViewCell.swift in Sources */,
				5FA4E8E6270359E500F17F3D /* SettingsTableViewCell.swift in Sources */,
				5F9476BD2704D84300654F63 /* OverviewViewController.swift in Sources */,
				5F9476AD2704743F00654F63 /* ProfileViewController.swift in Sources */,
				5FA4E8C52703441100F17F3D /* AppDelegate.swift in Sources */,
				5F9476B12704AA5D00654F63 /* PreferencesViewController.swift in Sources */,
				5FF0E3442706913F004061E0 /* BackgroundForSectionsInOverview.swift in Sources */,
				5F8FDEC2270DCBB20071087B /* SignUpViewController.swift in Sources */,
				5FA4E8E3270354D200F17F3D /* SettingsViewController.swift in Sources */,
				5F9476B92704D7F400654F63 /* SavingsViewController.swift in Sources */,
				5F9476B32704B7AC00654F63 /* SecurityViewController.swift in Sources */,
				5FB428122710C5CC0039F10B /* SetUpPINViewController.swift in Sources */,
				5FA4E8C72703441100F17F3D /* SceneDelegate.swift in Sources */,
				5F9476AF2704926F00654F63 /* AccountsViewController.swift in Sources */,
				5F9476B72704C7E600654F63 /* ReferralsViewController.swift in Sources */,
				5FB428142710C6630039F10B /* LoginViewController.swift in Sources */,
				5F9476C12706352C00654F63 /* WalletCollectionViewCell.swift in Sources */,
				5F8FDEB9270B801F0071087B /* MenuViewController.swift in Sources */,
				5FA4E8EC270396EB00F17F3D /* NavbarTilteView.swift in Sources */,
				5F9476CC27066E5F00654F63 /* BackgroundSupplementaryView.swift in Sources */,
				5FB428162710DFE60039F10B /* OnBoardingCollectionViewCellData.swift in Sources */,
				5F9476D22706722800654F63 /* WalletHeaderCollectionViewCell.swift in Sources */,
				5F9476B52704BE9B00654F63 /* PaymentLinkViewController.swift in Sources */,
			);
			runOnlyForDeploymentPostprocessing = 0;
		};
/* End PBXSourcesBuildPhase section */

/* Begin PBXVariantGroup section */
		5FA4E8CA2703441100F17F3D /* Main.storyboard */ = {
			isa = PBXVariantGroup;
			children = (
				5FA4E8CB2703441100F17F3D /* Base */,
			);
			name = Main.storyboard;
			sourceTree = "<group>";
		};
		5FA4E8CF2703441400F17F3D /* LaunchScreen.storyboard */ = {
			isa = PBXVariantGroup;
			children = (
				5FA4E8D02703441400F17F3D /* Base */,
			);
			name = LaunchScreen.storyboard;
			sourceTree = "<group>";
		};
/* End PBXVariantGroup section */

/* Begin XCBuildConfiguration section */
		5FA4E8D32703441400F17F3D /* Debug */ = {
			isa = XCBuildConfiguration;
			buildSettings = {
				ALWAYS_SEARCH_USER_PATHS = NO;
				CLANG_ANALYZER_NONNULL = YES;
				CLANG_ANALYZER_NUMBER_OBJECT_CONVERSION = YES_AGGRESSIVE;
				CLANG_CXX_LANGUAGE_STANDARD = "gnu++17";
				CLANG_CXX_LIBRARY = "libc++";
				CLANG_ENABLE_MODULES = YES;
				CLANG_ENABLE_OBJC_ARC = YES;
				CLANG_ENABLE_OBJC_WEAK = YES;
				CLANG_WARN_BLOCK_CAPTURE_AUTORELEASING = YES;
				CLANG_WARN_BOOL_CONVERSION = YES;
				CLANG_WARN_COMMA = YES;
				CLANG_WARN_CONSTANT_CONVERSION = YES;
				CLANG_WARN_DEPRECATED_OBJC_IMPLEMENTATIONS = YES;
				CLANG_WARN_DIRECT_OBJC_ISA_USAGE = YES_ERROR;
				CLANG_WARN_DOCUMENTATION_COMMENTS = YES;
				CLANG_WARN_EMPTY_BODY = YES;
				CLANG_WARN_ENUM_CONVERSION = YES;
				CLANG_WARN_INFINITE_RECURSION = YES;
				CLANG_WARN_INT_CONVERSION = YES;
				CLANG_WARN_NON_LITERAL_NULL_CONVERSION = YES;
				CLANG_WARN_OBJC_IMPLICIT_RETAIN_SELF = YES;
				CLANG_WARN_OBJC_LITERAL_CONVERSION = YES;
				CLANG_WARN_OBJC_ROOT_CLASS = YES_ERROR;
				CLANG_WARN_QUOTED_INCLUDE_IN_FRAMEWORK_HEADER = YES;
				CLANG_WARN_RANGE_LOOP_ANALYSIS = YES;
				CLANG_WARN_STRICT_PROTOTYPES = YES;
				CLANG_WARN_SUSPICIOUS_MOVE = YES;
				CLANG_WARN_UNGUARDED_AVAILABILITY = YES_AGGRESSIVE;
				CLANG_WARN_UNREACHABLE_CODE = YES;
				CLANG_WARN__DUPLICATE_METHOD_MATCH = YES;
				COPY_PHASE_STRIP = NO;
				DEBUG_INFORMATION_FORMAT = dwarf;
				ENABLE_STRICT_OBJC_MSGSEND = YES;
				ENABLE_TESTABILITY = YES;
				GCC_C_LANGUAGE_STANDARD = gnu11;
				GCC_DYNAMIC_NO_PIC = NO;
				GCC_NO_COMMON_BLOCKS = YES;
				GCC_OPTIMIZATION_LEVEL = 0;
				GCC_PREPROCESSOR_DEFINITIONS = (
					"DEBUG=1",
					"$(inherited)",
				);
				GCC_WARN_64_TO_32_BIT_CONVERSION = YES;
				GCC_WARN_ABOUT_RETURN_TYPE = YES_ERROR;
				GCC_WARN_UNDECLARED_SELECTOR = YES;
				GCC_WARN_UNINITIALIZED_AUTOS = YES_AGGRESSIVE;
				GCC_WARN_UNUSED_FUNCTION = YES;
				GCC_WARN_UNUSED_VARIABLE = YES;
				IPHONEOS_DEPLOYMENT_TARGET = 15.0;
				MTL_ENABLE_DEBUG_INFO = INCLUDE_SOURCE;
				MTL_FAST_MATH = YES;
				ONLY_ACTIVE_ARCH = YES;
				SDKROOT = iphoneos;
				SWIFT_ACTIVE_COMPILATION_CONDITIONS = DEBUG;
				SWIFT_OPTIMIZATION_LEVEL = "-Onone";
			};
			name = Debug;
		};
		5FA4E8D42703441400F17F3D /* Release */ = {
			isa = XCBuildConfiguration;
			buildSettings = {
				ALWAYS_SEARCH_USER_PATHS = NO;
				CLANG_ANALYZER_NONNULL = YES;
				CLANG_ANALYZER_NUMBER_OBJECT_CONVERSION = YES_AGGRESSIVE;
				CLANG_CXX_LANGUAGE_STANDARD = "gnu++17";
				CLANG_CXX_LIBRARY = "libc++";
				CLANG_ENABLE_MODULES = YES;
				CLANG_ENABLE_OBJC_ARC = YES;
				CLANG_ENABLE_OBJC_WEAK = YES;
				CLANG_WARN_BLOCK_CAPTURE_AUTORELEASING = YES;
				CLANG_WARN_BOOL_CONVERSION = YES;
				CLANG_WARN_COMMA = YES;
				CLANG_WARN_CONSTANT_CONVERSION = YES;
				CLANG_WARN_DEPRECATED_OBJC_IMPLEMENTATIONS = YES;
				CLANG_WARN_DIRECT_OBJC_ISA_USAGE = YES_ERROR;
				CLANG_WARN_DOCUMENTATION_COMMENTS = YES;
				CLANG_WARN_EMPTY_BODY = YES;
				CLANG_WARN_ENUM_CONVERSION = YES;
				CLANG_WARN_INFINITE_RECURSION = YES;
				CLANG_WARN_INT_CONVERSION = YES;
				CLANG_WARN_NON_LITERAL_NULL_CONVERSION = YES;
				CLANG_WARN_OBJC_IMPLICIT_RETAIN_SELF = YES;
				CLANG_WARN_OBJC_LITERAL_CONVERSION = YES;
				CLANG_WARN_OBJC_ROOT_CLASS = YES_ERROR;
				CLANG_WARN_QUOTED_INCLUDE_IN_FRAMEWORK_HEADER = YES;
				CLANG_WARN_RANGE_LOOP_ANALYSIS = YES;
				CLANG_WARN_STRICT_PROTOTYPES = YES;
				CLANG_WARN_SUSPICIOUS_MOVE = YES;
				CLANG_WARN_UNGUARDED_AVAILABILITY = YES_AGGRESSIVE;
				CLANG_WARN_UNREACHABLE_CODE = YES;
				CLANG_WARN__DUPLICATE_METHOD_MATCH = YES;
				COPY_PHASE_STRIP = NO;
				DEBUG_INFORMATION_FORMAT = "dwarf-with-dsym";
				ENABLE_NS_ASSERTIONS = NO;
				ENABLE_STRICT_OBJC_MSGSEND = YES;
				GCC_C_LANGUAGE_STANDARD = gnu11;
				GCC_NO_COMMON_BLOCKS = YES;
				GCC_WARN_64_TO_32_BIT_CONVERSION = YES;
				GCC_WARN_ABOUT_RETURN_TYPE = YES_ERROR;
				GCC_WARN_UNDECLARED_SELECTOR = YES;
				GCC_WARN_UNINITIALIZED_AUTOS = YES_AGGRESSIVE;
				GCC_WARN_UNUSED_FUNCTION = YES;
				GCC_WARN_UNUSED_VARIABLE = YES;
				IPHONEOS_DEPLOYMENT_TARGET = 15.0;
				MTL_ENABLE_DEBUG_INFO = NO;
				MTL_FAST_MATH = YES;
				SDKROOT = iphoneos;
				SWIFT_COMPILATION_MODE = wholemodule;
				SWIFT_OPTIMIZATION_LEVEL = "-O";
				VALIDATE_PRODUCT = YES;
			};
			name = Release;
		};
		5FA4E8D62703441400F17F3D /* Debug */ = {
			isa = XCBuildConfiguration;
			buildSettings = {
				ASSETCATALOG_COMPILER_APPICON_NAME = AppIcon;
				ASSETCATALOG_COMPILER_GLOBAL_ACCENT_COLOR_NAME = AccentColor;
				CODE_SIGN_STYLE = Automatic;
				CURRENT_PROJECT_VERSION = 1;
				DEVELOPMENT_TEAM = CSAFN422HP;
				GENERATE_INFOPLIST_FILE = YES;
				INFOPLIST_FILE = cryptolin/Info.plist;
				INFOPLIST_KEY_UIApplicationSupportsIndirectInputEvents = YES;
				INFOPLIST_KEY_UILaunchStoryboardName = LaunchScreen;
				INFOPLIST_KEY_UIMainStoryboardFile = Main;
				INFOPLIST_KEY_UIStatusBarHidden = NO;
				INFOPLIST_KEY_UISupportedInterfaceOrientations = UIInterfaceOrientationPortrait;
				INFOPLIST_KEY_UISupportedInterfaceOrientations_iPad = "UIInterfaceOrientationPortrait UIInterfaceOrientationPortraitUpsideDown UIInterfaceOrientationLandscapeLeft UIInterfaceOrientationLandscapeRight";
				INFOPLIST_KEY_UISupportedInterfaceOrientations_iPhone = "UIInterfaceOrientationPortrait UIInterfaceOrientationLandscapeLeft UIInterfaceOrientationLandscapeRight";
				LD_RUNPATH_SEARCH_PATHS = (
					"$(inherited)",
					"@executable_path/Frameworks",
				);
				MARKETING_VERSION = 1.0;
				PRODUCT_BUNDLE_IDENTIFIER = com.whyte.cryptolin;
				PRODUCT_NAME = "$(TARGET_NAME)";
				SWIFT_EMIT_LOC_STRINGS = YES;
				SWIFT_VERSION = 5.0;
				TARGETED_DEVICE_FAMILY = "1,2";
			};
			name = Debug;
		};
		5FA4E8D72703441400F17F3D /* Release */ = {
			isa = XCBuildConfiguration;
			buildSettings = {
				ASSETCATALOG_COMPILER_APPICON_NAME = AppIcon;
				ASSETCATALOG_COMPILER_GLOBAL_ACCENT_COLOR_NAME = AccentColor;
				CODE_SIGN_STYLE = Automatic;
				CURRENT_PROJECT_VERSION = 1;
				DEVELOPMENT_TEAM = CSAFN422HP;
				GENERATE_INFOPLIST_FILE = YES;
				INFOPLIST_FILE = cryptolin/Info.plist;
				INFOPLIST_KEY_UIApplicationSupportsIndirectInputEvents = YES;
				INFOPLIST_KEY_UILaunchStoryboardName = LaunchScreen;
				INFOPLIST_KEY_UIMainStoryboardFile = Main;
				INFOPLIST_KEY_UIStatusBarHidden = NO;
				INFOPLIST_KEY_UISupportedInterfaceOrientations = UIInterfaceOrientationPortrait;
				INFOPLIST_KEY_UISupportedInterfaceOrientations_iPad = "UIInterfaceOrientationPortrait UIInterfaceOrientationPortraitUpsideDown UIInterfaceOrientationLandscapeLeft UIInterfaceOrientationLandscapeRight";
				INFOPLIST_KEY_UISupportedInterfaceOrientations_iPhone = "UIInterfaceOrientationPortrait UIInterfaceOrientationLandscapeLeft UIInterfaceOrientationLandscapeRight";
				LD_RUNPATH_SEARCH_PATHS = (
					"$(inherited)",
					"@executable_path/Frameworks",
				);
				MARKETING_VERSION = 1.0;
				PRODUCT_BUNDLE_IDENTIFIER = com.whyte.cryptolin;
				PRODUCT_NAME = "$(TARGET_NAME)";
				SWIFT_EMIT_LOC_STRINGS = YES;
				SWIFT_VERSION = 5.0;
				TARGETED_DEVICE_FAMILY = "1,2";
			};
			name = Release;
		};
/* End XCBuildConfiguration section */

/* Begin XCConfigurationList section */
		5FA4E8BC2703441100F17F3D /* Build configuration list for PBXProject "cryptolin" */ = {
			isa = XCConfigurationList;
			buildConfigurations = (
				5FA4E8D32703441400F17F3D /* Debug */,
				5FA4E8D42703441400F17F3D /* Release */,
			);
			defaultConfigurationIsVisible = 0;
			defaultConfigurationName = Release;
		};
		5FA4E8D52703441400F17F3D /* Build configuration list for PBXNativeTarget "cryptolin" */ = {
			isa = XCConfigurationList;
			buildConfigurations = (
				5FA4E8D62703441400F17F3D /* Debug */,
				5FA4E8D72703441400F17F3D /* Release */,
			);
			defaultConfigurationIsVisible = 0;
			defaultConfigurationName = Release;
		};
/* End XCConfigurationList section */

/* Begin XCRemoteSwiftPackageReference section */
		5F6D81B3271703F000A74652 /* XCRemoteSwiftPackageReference "firebase-ios-sdk" */ = {
			isa = XCRemoteSwiftPackageReference;
			repositoryURL = "https://github.com/firebase/firebase-ios-sdk.git";
			requirement = {
				kind = upToNextMajorVersion;
				minimumVersion = 8.0.0;
			};
		};
		5F8FDEBA270C74370071087B /* XCRemoteSwiftPackageReference "SideMenu" */ = {
			isa = XCRemoteSwiftPackageReference;
			repositoryURL = "https://github.com/jonkykong/SideMenu.git";
			requirement = {
				kind = upToNextMajorVersion;
				minimumVersion = 6.0.0;
			};
		};
/* End XCRemoteSwiftPackageReference section */

/* Begin XCSwiftPackageProductDependency section */
		5F6D81B4271703F000A74652 /* FirebaseAuth */ = {
			isa = XCSwiftPackageProductDependency;
			package = 5F6D81B3271703F000A74652 /* XCRemoteSwiftPackageReference "firebase-ios-sdk" */;
			productName = FirebaseAuth;
		};
		5F6D81B6271703F000A74652 /* FirebaseFirestore */ = {
			isa = XCSwiftPackageProductDependency;
			package = 5F6D81B3271703F000A74652 /* XCRemoteSwiftPackageReference "firebase-ios-sdk" */;
			productName = FirebaseFirestore;
		};
		5F6D81B8271703F000A74652 /* FirebaseFirestoreSwift-Beta */ = {
			isa = XCSwiftPackageProductDependency;
			package = 5F6D81B3271703F000A74652 /* XCRemoteSwiftPackageReference "firebase-ios-sdk" */;
			productName = "FirebaseFirestoreSwift-Beta";
		};
		5F6D81BA271703F000A74652 /* FirebaseStorage */ = {
			isa = XCSwiftPackageProductDependency;
			package = 5F6D81B3271703F000A74652 /* XCRemoteSwiftPackageReference "firebase-ios-sdk" */;
			productName = FirebaseStorage;
		};
		5F6D81BC271703F000A74652 /* FirebaseStorageSwift-Beta */ = {
			isa = XCSwiftPackageProductDependency;
			package = 5F6D81B3271703F000A74652 /* XCRemoteSwiftPackageReference "firebase-ios-sdk" */;
			productName = "FirebaseStorageSwift-Beta";
		};
		5F8FDEBB270C74370071087B /* SideMenu */ = {
			isa = XCSwiftPackageProductDependency;
			package = 5F8FDEBA270C74370071087B /* XCRemoteSwiftPackageReference "SideMenu" */;
			productName = SideMenu;
		};
/* End XCSwiftPackageProductDependency section */
	};
	rootObject = 5FA4E8B92703441100F17F3D /* Project object */;
}
